{
    "_readme": [
        "This file locks the dependencies of your project to a known state",
        "Read more about it at https://getcomposer.org/doc/01-basic-usage.md#installing-dependencies",
        "This file is @generated automatically"
    ],
    "content-hash": "7f4532e80bb2093fa031b1037c0cce29",
    "packages": [
        {
            "name": "agungdhewe/cli",
            "version": "v1.1",
            "source": {
                "type": "git",
                "url": "https://github.com/agungdhewe/cli.git",
                "reference": "088b21110b2d66d475badba10b204f6493d3bbed"
            },
            "dist": {
                "type": "zip",
                "url": "https://api.github.com/repos/agungdhewe/cli/zipball/088b21110b2d66d475badba10b204f6493d3bbed",
                "reference": "088b21110b2d66d475badba10b204f6493d3bbed",
                "shasum": ""
            },
            "type": "library",
            "autoload": {
                "psr-4": {
                    "AgungDhewe\\Cli\\": "src/"
                }
            },
            "notification-url": "https://packagist.org/downloads/",
            "license": [
                "GPL-3.0-or-later"
            ],
            "authors": [
                {
                    "name": "Agung Nugroho",
                    "email": "agung_dhewe@yahoo.com"
                }
            ],
            "support": {
                "issues": "https://github.com/agungdhewe/cli/issues",
                "source": "https://github.com/agungdhewe/cli/tree/v1.1"
            },
            "time": "2024-12-04T05:54:41+00:00"
        },
        {
            "name": "agungdhewe/phpsqlutil",
            "version": "dev-main",
            "source": {
                "type": "git",
                "url": "https://github.com/agungdhewe/phpsqlutil.git",
                "reference": "7de55b0ff059a3e55799ec2e02e89fb4d144393f"
            },
            "dist": {
                "type": "zip",
                "url": "https://api.github.com/repos/agungdhewe/phpsqlutil/zipball/7de55b0ff059a3e55799ec2e02e89fb4d144393f",
                "reference": "7de55b0ff059a3e55799ec2e02e89fb4d144393f",
                "shasum": ""
            },
            "require": {
                "php": "^8.1"
            },
            "default-branch": true,
            "type": "library",
            "autoload": {
                "psr-4": {
                    "AgungDhewe\\PhpSqlUtil\\": "src/"
                }
            },
            "notification-url": "https://packagist.org/downloads/",
            "license": [
                "GPL-3.0-or-later"
            ],
            "authors": [
                {
                    "name": "Agung Nugroho",
                    "email": "agung.dhewe@gmail.com"
                }
            ],
            "description": "Utility for create SQL insert, update and delete",
            "support": {
                "issues": "https://github.com/agungdhewe/phpsqlutil/issues",
                "source": "https://github.com/agungdhewe/phpsqlutil/tree/main"
            },
            "time": "2024-11-23T15:09:27+00:00"
        },
        {
            "name": "agungdhewe/setingan",
            "version": "v0.9.4",
            "source": {
                "type": "git",
                "url": "https://github.com/agungdhewe/setingan.git",
                "reference": "eeeea42fa006236325a537d6a9e7a916c607a677"
            },
            "dist": {
                "type": "zip",
                "url": "https://api.github.com/repos/agungdhewe/setingan/zipball/eeeea42fa006236325a537d6a9e7a916c607a677",
                "reference": "eeeea42fa006236325a537d6a9e7a916c607a677",
                "shasum": ""
            },
            "type": "library",
            "autoload": {
                "psr-4": {
                    "AgungDhewe\\Setingan\\": "src/"
                }
            },
            "notification-url": "https://packagist.org/downloads/",
            "license": [
                "GPL-3.0-or-later"
            ],
            "authors": [
                {
                    "name": "Agung Nugrroho",
                    "email": "agung.dhewe@gmail.com"
                }
            ],
            "support": {
                "issues": "https://github.com/agungdhewe/setingan/issues",
                "source": "https://github.com/agungdhewe/setingan/tree/v0.9.4"
            },
            "time": "2024-11-26T03:07:22+00:00"
        }
    ],
    "packages-dev": [],
    "aliases": [],
    "minimum-stability": "stable",
    "stability-flags": {
        "agungdhewe/phpsqlutil": 20
    },
    "prefer-stable": false,
    "prefer-lowest": false,
    "platform": [],
    "platform-dev": [],
    "plugin-api-version": "2.2.0"
}
